
Microsoft Visual Studio Solution File, Format Version 12.00
# Visual Studio Version 17
VisualStudioVersion = 17.4.33110.190
MinimumVisualStudioVersion = 10.0.40219.1
Project("{FAE04EC0-301F-11D3-BF4B-00C04F79EFBC}") = "WebApplication1", "WebApplication1\WebApplication1.csproj", "{EE0EA28C-D67B-4D62-B0C2-B12E43316C7E}"
EndProject
Global
	GlobalSection(SolutionConfigurationPlatforms) = preSolution
		Debug|Any CPU = Debug|Any CPU
		Release|Any CPU = Release|Any CPU
	EndGlobalSection
	GlobalSection(ProjectConfigurationPlatforms) = postSolution
		{EE0EA28C-D67B-4D62-B0C2-B12E43316C7E}.Debug|Any CPU.ActiveCfg = Debug|Any CPU
		{EE0EA28C-D67B-4D62-B0C2-B12E43316C7E}.Debug|Any CPU.Build.0 = Debug|Any CPU
		{EE0EA28C-D67B-4D62-B0C2-B12E43316C7E}.Release|Any CPU.ActiveCfg = Release|Any CPU
		{EE0EA28C-D67B-4D62-B0C2-B12E43316C7E}.Release|Any CPU.Build.0 = Release|Any CPU
	EndGlobalSection
	GlobalSection(SolutionProperties) = preSolution
		HideSolutionNode = FALSE
	EndGlobalSection
	GlobalSection(ExtensibilityGlobals) = postSolution
		SolutionGuid = {889DF262-E27C-4B19-9DB5-1725FB1ADCC3}
	EndGlobalSection
EndGlobal
